Microsoft Visual Studio Solution File, Format Version 12.00
# Visual Studio 2013
VisualStudioVersion = 12.0.40629.0
MinimumVisualStudioVersion = 10.0.40219.1
Project("{8BC9CEB8-8B4A-11D0-8D11-00A0C91BC942}") = "Agent", "Agent\OCSInventory.vcxproj", "{BF43603D-08D1-4CBA-9FD3-6EBB7BBDCED9}"
EndProject
Project("{8BC9CEB8-8B4A-11D0-8D11-00A0C91BC942}") = "OcsWmi", "OcsWmi\OcsWmi.vcxproj", "{08DCFABA-1B27-4850-B5BF-92929CFA75B1}"
EndProject
Project("{8BC9CEB8-8B4A-11D0-8D11-00A0C91BC942}") = "SysInfo", "SysInfo\SysInfo.vcxproj", "{8CD66811-C9A5-4C76-9938-1E046C2DFBAF}"
EndProject
Project("{8BC9CEB8-8B4A-11D0-8D11-00A0C91BC942}") = "OCSInventory Front", "OCSInventory Front\OCSInventory Front.vcxproj", "{04364624-39D4-488D-A538-66CB442A5F0B}"
EndProject
Project("{8BC9CEB8-8B4A-11D0-8D11-00A0C91BC942}") = "ComHTTP", "ComHTTP\ComHTTP.vcxproj", "{5422560E-7CE8-43FB-816C-8A2C48F4F491}"
EndProject
Project("{8BC9CEB8-8B4A-11D0-8D11-00A0C91BC942}") = "Service", "Service\Service.vcxproj", "{5FB86B75-1840-4862-B9A8-137021D26475}"
EndProject
Project("{8BC9CEB8-8B4A-11D0-8D11-00A0C91BC942}") = "OcsSystray", "OcsSystray\OcsSystray.vcxproj", "{6996497F-BF0D-40B5-8312-7504FB2CD818}"
EndProject
Project("{8BC9CEB8-8B4A-11D0-8D11-00A0C91BC942}") = "Download", "Download\Download.vcxproj", "{B52FAA55-4EFF-4FBD-B656-13445445DD3A}"
EndProject
Project("{8BC9CEB8-8B4A-11D0-8D11-00A0C91BC942}") = "TestSysInfo", "TestSysInfo\TestSysInfo.vcxproj", "{DBA26440-AC45-4C37-8C9B-E532B5F5F110}"
EndProject
Project("{8BC9CEB8-8B4A-11D0-8D11-00A0C91BC942}") = "OCSPlugin_Example", "OCSPlugin_Example\OCSPlugin_Example.vcxproj", "{35E43197-A12B-4C25-AEDD-5624239A0DD9}"
EndProject
Project("{8BC9CEB8-8B4A-11D0-8D11-00A0C91BC942}") = "OcsNotifyUser", "OcsNotifyUser\OcsNotifyUser.vcxproj", "{FBFF26D5-9AC2-4B21-845F-00684A4C613B}"
EndProject
Project("{8BC9CEB8-8B4A-11D0-8D11-00A0C91BC942}") = "OcsSnmp", "OcsSnmp\snmp.vcxproj", "{4DD39232-A819-4A48-A695-E14F66667183}"
EndProject
Global
	GlobalSection(SolutionConfigurationPlatforms) = preSolution
		Debug|Any CPU = Debug|Any CPU
		Debug|Mixed Platforms = Debug|Mixed Platforms
		Debug|Win32 = Debug|Win32
		Release|Any CPU = Release|Any CPU
		Release|Mixed Platforms = Release|Mixed Platforms
		Release|Win32 = Release|Win32
	EndGlobalSection
	GlobalSection(ProjectConfigurationPlatforms) = postSolution
		{BF43603D-08D1-4CBA-9FD3-6EBB7BBDCED9}.Debug|Any CPU.ActiveCfg = Debug|Win32
		{BF43603D-08D1-4CBA-9FD3-6EBB7BBDCED9}.Debug|Mixed Platforms.ActiveCfg = Debug|Win32
		{BF43603D-08D1-4CBA-9FD3-6EBB7BBDCED9}.Debug|Mixed Platforms.Build.0 = Debug|Win32
		{BF43603D-08D1-4CBA-9FD3-6EBB7BBDCED9}.Debug|Win32.ActiveCfg = Debug|Win32
		{BF43603D-08D1-4CBA-9FD3-6EBB7BBDCED9}.Debug|Win32.Build.0 = Debug|Win32
		{BF43603D-08D1-4CBA-9FD3-6EBB7BBDCED9}.Release|Any CPU.ActiveCfg = Release|Win32
		{BF43603D-08D1-4CBA-9FD3-6EBB7BBDCED9}.Release|Mixed Platforms.ActiveCfg = Release|Win32
		{BF43603D-08D1-4CBA-9FD3-6EBB7BBDCED9}.Release|Mixed Platforms.Build.0 = Release|Win32
		{BF43603D-08D1-4CBA-9FD3-6EBB7BBDCED9}.Release|Win32.ActiveCfg = Release|Win32
		{BF43603D-08D1-4CBA-9FD3-6EBB7BBDCED9}.Release|Win32.Build.0 = Release|Win32
		{08DCFABA-1B27-4850-B5BF-92929CFA75B1}.Debug|Any CPU.ActiveCfg = Debug|Win32
		{08DCFABA-1B27-4850-B5BF-92929CFA75B1}.Debug|Mixed Platforms.ActiveCfg = Debug|Win32
		{08DCFABA-1B27-4850-B5BF-92929CFA75B1}.Debug|Mixed Platforms.Build.0 = Debug|Win32
		{08DCFABA-1B27-4850-B5BF-92929CFA75B1}.Debug|Win32.ActiveCfg = Debug|Win32
		{08DCFABA-1B27-4850-B5BF-92929CFA75B1}.Debug|Win32.Build.0 = Debug|Win32
		{08DCFABA-1B27-4850-B5BF-92929CFA75B1}.Release|Any CPU.ActiveCfg = Release|Win32
		{08DCFABA-1B27-4850-B5BF-92929CFA75B1}.Release|Mixed Platforms.ActiveCfg = Release|Win32
		{08DCFABA-1B27-4850-B5BF-92929CFA75B1}.Release|Mixed Platforms.Build.0 = Release|Win32
		{08DCFABA-1B27-4850-B5BF-92929CFA75B1}.Release|Win32.ActiveCfg = Release|Win32
		{08DCFABA-1B27-4850-B5BF-92929CFA75B1}.Release|Win32.Build.0 = Release|Win32
		{8CD66811-C9A5-4C76-9938-1E046C2DFBAF}.Debug|Any CPU.ActiveCfg = Debug|Win32
		{8CD66811-C9A5-4C76-9938-1E046C2DFBAF}.Debug|Mixed Platforms.ActiveCfg = Debug|Win32
		{8CD66811-C9A5-4C76-9938-1E046C2DFBAF}.Debug|Mixed Platforms.Build.0 = Debug|Win32
		{8CD66811-C9A5-4C76-9938-1E046C2DFBAF}.Debug|Win32.ActiveCfg = Debug|Win32
		{8CD66811-C9A5-4C76-9938-1E046C2DFBAF}.Debug|Win32.Build.0 = Debug|Win32
		{8CD66811-C9A5-4C76-9938-1E046C2DFBAF}.Release|Any CPU.ActiveCfg = Release|Win32
		{8CD66811-C9A5-4C76-9938-1E046C2DFBAF}.Release|Mixed Platforms.ActiveCfg = Release|Win32
		{8CD66811-C9A5-4C76-9938-1E046C2DFBAF}.Release|Mixed Platforms.Build.0 = Release|Win32
		{8CD66811-C9A5-4C76-9938-1E046C2DFBAF}.Release|Win32.ActiveCfg = Release|Win32
		{8CD66811-C9A5-4C76-9938-1E046C2DFBAF}.Release|Win32.Build.0 = Release|Win32
		{04364624-39D4-488D-A538-66CB442A5F0B}.Debug|Any CPU.ActiveCfg = Debug|Win32
		{04364624-39D4-488D-A538-66CB442A5F0B}.Debug|Mixed Platforms.ActiveCfg = Debug|Win32
		{04364624-39D4-488D-A538-66CB442A5F0B}.Debug|Mixed Platforms.Build.0 = Debug|Win32
		{04364624-39D4-488D-A538-66CB442A5F0B}.Debug|Win32.ActiveCfg = Debug|Win32
		{04364624-39D4-488D-A538-66CB442A5F0B}.Debug|Win32.Build.0 = Debug|Win32
		{04364624-39D4-488D-A538-66CB442A5F0B}.Release|Any CPU.ActiveCfg = Release|Win32
		{04364624-39D4-488D-A538-66CB442A5F0B}.Release|Mixed Platforms.ActiveCfg = Release|Win32
		{04364624-39D4-488D-A538-66CB442A5F0B}.Release|Mixed Platforms.Build.0 = Release|Win32
		{04364624-39D4-488D-A538-66CB442A5F0B}.Release|Win32.ActiveCfg = Release|Win32
		{04364624-39D4-488D-A538-66CB442A5F0B}.Release|Win32.Build.0 = Release|Win32
		{5422560E-7CE8-43FB-816C-8A2C48F4F491}.Debug|Any CPU.ActiveCfg = Debug|Win32
		{5422560E-7CE8-43FB-816C-8A2C48F4F491}.Debug|Mixed Platforms.ActiveCfg = Debug|Win32
		{5422560E-7CE8-43FB-816C-8A2C48F4F491}.Debug|Mixed Platforms.Build.0 = Debug|Win32
		{5422560E-7CE8-43FB-816C-8A2C48F4F491}.Debug|Win32.ActiveCfg = Debug|Win32
		{5422560E-7CE8-43FB-816C-8A2C48F4F491}.Debug|Win32.Build.0 = Debug|Win32
		{5422560E-7CE8-43FB-816C-8A2C48F4F491}.Release|Any CPU.ActiveCfg = Release|Win32
		{5422560E-7CE8-43FB-816C-8A2C48F4F491}.Release|Mixed Platforms.ActiveCfg = Release|Win32
		{5422560E-7CE8-43FB-816C-8A2C48F4F491}.Release|Mixed Platforms.Build.0 = Release|Win32
		{5422560E-7CE8-43FB-816C-8A2C48F4F491}.Release|Win32.ActiveCfg = Release|Win32
		{5422560E-7CE8-43FB-816C-8A2C48F4F491}.Release|Win32.Build.0 = Release|Win32
		{5FB86B75-1840-4862-B9A8-137021D26475}.Debug|Any CPU.ActiveCfg = Debug|Win32
		{5FB86B75-1840-4862-B9A8-137021D26475}.Debug|Mixed Platforms.ActiveCfg = Debug|Win32
		{5FB86B75-1840-4862-B9A8-137021D26475}.Debug|Mixed Platforms.Build.0 = Debug|Win32
		{5FB86B75-1840-4862-B9A8-137021D26475}.Debug|Win32.ActiveCfg = Debug|Win32
		{5FB86B75-1840-4862-B9A8-137021D26475}.Debug|Win32.Build.0 = Debug|Win32
		{5FB86B75-1840-4862-B9A8-137021D26475}.Release|Any CPU.ActiveCfg = Release|Win32
		{5FB86B75-1840-4862-B9A8-137021D26475}.Release|Mixed Platforms.ActiveCfg = Release|Win32
		{5FB86B75-1840-4862-B9A8-137021D26475}.Release|Mixed Platforms.Build.0 = Release|Win32
		{5FB86B75-1840-4862-B9A8-137021D26475}.Release|Win32.ActiveCfg = Release|Win32
		{5FB86B75-1840-4862-B9A8-137021D26475}.Release|Win32.Build.0 = Release|Win32
		{6996497F-BF0D-40B5-8312-7504FB2CD818}.Debug|Any CPU.ActiveCfg = Debug|Win32
		{6996497F-BF0D-40B5-8312-7504FB2CD818}.Debug|Mixed Platforms.ActiveCfg = Debug|Win32
		{6996497F-BF0D-40B5-8312-7504FB2CD818}.Debug|Mixed Platforms.Build.0 = Debug|Win32
		{6996497F-BF0D-40B5-8312-7504FB2CD818}.Debug|Win32.ActiveCfg = Debug|Win32
		{6996497F-BF0D-40B5-8312-7504FB2CD818}.Debug|Win32.Build.0 = Debug|Win32
		{6996497F-BF0D-40B5-8312-7504FB2CD818}.Release|Any CPU.ActiveCfg = Release|Win32
		{6996497F-BF0D-40B5-8312-7504FB2CD818}.Release|Mixed Platforms.ActiveCfg = Release|Win32
		{6996497F-BF0D-40B5-8312-7504FB2CD818}.Release|Mixed Platforms.Build.0 = Release|Win32
		{6996497F-BF0D-40B5-8312-7504FB2CD818}.Release|Win32.ActiveCfg = Release|Win32
		{6996497F-BF0D-40B5-8312-7504FB2CD818}.Release|Win32.Build.0 = Release|Win32
		{B52FAA55-4EFF-4FBD-B656-13445445DD3A}.Debug|Any CPU.ActiveCfg = Debug|Win32
		{B52FAA55-4EFF-4FBD-B656-13445445DD3A}.Debug|Mixed Platforms.ActiveCfg = Debug|Win32
		{B52FAA55-4EFF-4FBD-B656-13445445DD3A}.Debug|Mixed Platforms.Build.0 = Debug|Win32
		{B52FAA55-4EFF-4FBD-B656-13445445DD3A}.Debug|Win32.ActiveCfg = Debug|Win32
		{B52FAA55-4EFF-4FBD-B656-13445445DD3A}.Debug|Win32.Build.0 = Debug|Win32
		{B52FAA55-4EFF-4FBD-B656-13445445DD3A}.Release|Any CPU.ActiveCfg = Release|Win32
		{B52FAA55-4EFF-4FBD-B656-13445445DD3A}.Release|Mixed Platforms.ActiveCfg = Release|Win32
		{B52FAA55-4EFF-4FBD-B656-13445445DD3A}.Release|Mixed Platforms.Build.0 = Release|Win32
		{B52FAA55-4EFF-4FBD-B656-13445445DD3A}.Release|Win32.ActiveCfg = Release|Win32
		{B52FAA55-4EFF-4FBD-B656-13445445DD3A}.Release|Win32.Build.0 = Release|Win32
		{DBA26440-AC45-4C37-8C9B-E532B5F5F110}.Debug|Any CPU.ActiveCfg = Debug|Win32
		{DBA26440-AC45-4C37-8C9B-E532B5F5F110}.Debug|Mixed Platforms.ActiveCfg = Debug|Win32
		{DBA26440-AC45-4C37-8C9B-E532B5F5F110}.Debug|Mixed Platforms.Build.0 = Debug|Win32
		{DBA26440-AC45-4C37-8C9B-E532B5F5F110}.Debug|Win32.ActiveCfg = Debug|Win32
		{DBA26440-AC45-4C37-8C9B-E532B5F5F110}.Debug|Win32.Build.0 = Debug|Win32
		{DBA26440-AC45-4C37-8C9B-E532B5F5F110}.Release|Any CPU.ActiveCfg = Release|Win32
		{DBA26440-AC45-4C37-8C9B-E532B5F5F110}.Release|Mixed Platforms.ActiveCfg = Release|Win32
		{DBA26440-AC45-4C37-8C9B-E532B5F5F110}.Release|Mixed Platforms.Build.0 = Release|Win32
		{DBA26440-AC45-4C37-8C9B-E532B5F5F110}.Release|Win32.ActiveCfg = Release|Win32
		{DBA26440-AC45-4C37-8C9B-E532B5F5F110}.Release|Win32.Build.0 = Release|Win32
		{35E43197-A12B-4C25-AEDD-5624239A0DD9}.Debug|Any CPU.ActiveCfg = Debug|Win32
		{35E43197-A12B-4C25-AEDD-5624239A0DD9}.Debug|Mixed Platforms.ActiveCfg = Debug|Win32
		{35E43197-A12B-4C25-AEDD-5624239A0DD9}.Debug|Mixed Platforms.Build.0 = Debug|Win32
		{35E43197-A12B-4C25-AEDD-5624239A0DD9}.Debug|Win32.ActiveCfg = Debug|Win32
		{35E43197-A12B-4C25-AEDD-5624239A0DD9}.Debug|Win32.Build.0 = Debug|Win32
		{35E43197-A12B-4C25-AEDD-5624239A0DD9}.Release|Any CPU.ActiveCfg = Release|Win32
		{35E43197-A12B-4C25-AEDD-5624239A0DD9}.Release|Mixed Platforms.ActiveCfg = Release|Win32
		{35E43197-A12B-4C25-AEDD-5624239A0DD9}.Release|Mixed Platforms.Build.0 = Release|Win32
		{35E43197-A12B-4C25-AEDD-5624239A0DD9}.Release|Win32.ActiveCfg = Release|Win32
		{35E43197-A12B-4C25-AEDD-5624239A0DD9}.Release|Win32.Build.0 = Release|Win32
		{FBFF26D5-9AC2-4B21-845F-00684A4C613B}.Debug|Any CPU.ActiveCfg = Debug|Win32
		{FBFF26D5-9AC2-4B21-845F-00684A4C613B}.Debug|Mixed Platforms.ActiveCfg = Debug|Win32
		{FBFF26D5-9AC2-4B21-845F-00684A4C613B}.Debug|Mixed Platforms.Build.0 = Debug|Win32
		{FBFF26D5-9AC2-4B21-845F-00684A4C613B}.Debug|Win32.ActiveCfg = Debug|Win32
		{FBFF26D5-9AC2-4B21-845F-00684A4C613B}.Debug|Win32.Build.0 = Debug|Win32
		{FBFF26D5-9AC2-4B21-845F-00684A4C613B}.Release|Any CPU.ActiveCfg = Release|Win32
		{FBFF26D5-9AC2-4B21-845F-00684A4C613B}.Release|Mixed Platforms.ActiveCfg = Release|Win32
		{FBFF26D5-9AC2-4B21-845F-00684A4C613B}.Release|Mixed Platforms.Build.0 = Release|Win32
		{FBFF26D5-9AC2-4B21-845F-00684A4C613B}.Release|Win32.ActiveCfg = Release|Win32
		{FBFF26D5-9AC2-4B21-845F-00684A4C613B}.Release|Win32.Build.0 = Release|Win32
		{4DD39232-A819-4A48-A695-E14F66667183}.Debug|Any CPU.ActiveCfg = Debug|Win32
		{4DD39232-A819-4A48-A695-E14F66667183}.Debug|Mixed Platforms.ActiveCfg = Debug|Win32
		{4DD39232-A819-4A48-A695-E14F66667183}.Debug|Mixed Platforms.Build.0 = Debug|Win32
		{4DD39232-A819-4A48-A695-E14F66667183}.Debug|Win32.ActiveCfg = Debug|Win32
		{4DD39232-A819-4A48-A695-E14F66667183}.Debug|Win32.Build.0 = Debug|Win32
		{4DD39232-A819-4A48-A695-E14F66667183}.Release|Any CPU.ActiveCfg = Release|Win32
		{4DD39232-A819-4A48-A695-E14F66667183}.Release|Mixed Platforms.ActiveCfg = Release|Win32
		{4DD39232-A819-4A48-A695-E14F66667183}.Release|Mixed Platforms.Build.0 = Release|Win32
		{4DD39232-A819-4A48-A695-E14F66667183}.Release|Win32.ActiveCfg = Release|Win32
		{4DD39232-A819-4A48-A695-E14F66667183}.Release|Win32.Build.0 = Release|Win32
	EndGlobalSection
	GlobalSection(SolutionProperties) = preSolution
		HideSolutionNode = FALSE
	EndGlobalSection
EndGlobal
