Microsoft Visual Studio Solution File, Format Version 10.00
# Visual Studio 2008
Project("{8BC9CEB8-8B4A-11D0-8D11-00A0C91BC942}") = "Agent", "Agent\OCSInventory.vcproj", "{BF43603D-08D1-4CBA-9FD3-6EBB7BBDCED9}"
	ProjectSection(ProjectDependencies) = postProject
		{5422560E-7CE8-43FB-816C-8A2C48F4F491} = {5422560E-7CE8-43FB-816C-8A2C48F4F491}
		{8CD66811-C9A5-4C76-9938-1E046C2DFBAF} = {8CD66811-C9A5-4C76-9938-1E046C2DFBAF}
		{04364624-39D4-488D-A538-66CB442A5F0B} = {04364624-39D4-488D-A538-66CB442A5F0B}
		{B52FAA55-4EFF-4FBD-B656-13445445DD3A} = {B52FAA55-4EFF-4FBD-B656-13445445DD3A}
	EndProjectSection
EndProject
Project("{8BC9CEB8-8B4A-11D0-8D11-00A0C91BC942}") = "OcsWmi", "OcsWmi\OcsWmi.vcproj", "{08DCFABA-1B27-4850-B5BF-92929CFA75B1}"
EndProject
Project("{8BC9CEB8-8B4A-11D0-8D11-00A0C91BC942}") = "SysInfo", "SysInfo\SysInfo.vcproj", "{8CD66811-C9A5-4C76-9938-1E046C2DFBAF}"
	ProjectSection(ProjectDependencies) = postProject
		{08DCFABA-1B27-4850-B5BF-92929CFA75B1} = {08DCFABA-1B27-4850-B5BF-92929CFA75B1}
	EndProjectSection
EndProject
Project("{8BC9CEB8-8B4A-11D0-8D11-00A0C91BC942}") = "OCSInventory Front", "OCSInventory Front\OCSInventory Front.vcproj", "{04364624-39D4-488D-A538-66CB442A5F0B}"
	ProjectSection(ProjectDependencies) = postProject
		{8CD66811-C9A5-4C76-9938-1E046C2DFBAF} = {8CD66811-C9A5-4C76-9938-1E046C2DFBAF}
	EndProjectSection
EndProject
Project("{8BC9CEB8-8B4A-11D0-8D11-00A0C91BC942}") = "ComHTTP", "ComHTTP\ComHTTP.vcproj", "{5422560E-7CE8-43FB-816C-8A2C48F4F491}"
	ProjectSection(ProjectDependencies) = postProject
		{04364624-39D4-488D-A538-66CB442A5F0B} = {04364624-39D4-488D-A538-66CB442A5F0B}
	EndProjectSection
EndProject
Project("{8BC9CEB8-8B4A-11D0-8D11-00A0C91BC942}") = "Service", "Service\Service.vcproj", "{5FB86B75-1840-4862-B9A8-137021D26475}"
	ProjectSection(ProjectDependencies) = postProject
		{8CD66811-C9A5-4C76-9938-1E046C2DFBAF} = {8CD66811-C9A5-4C76-9938-1E046C2DFBAF}
		{04364624-39D4-488D-A538-66CB442A5F0B} = {04364624-39D4-488D-A538-66CB442A5F0B}
		{BF43603D-08D1-4CBA-9FD3-6EBB7BBDCED9} = {BF43603D-08D1-4CBA-9FD3-6EBB7BBDCED9}
		{6996497F-BF0D-40B5-8312-7504FB2CD818} = {6996497F-BF0D-40B5-8312-7504FB2CD818}
	EndProjectSection
EndProject
Project("{8BC9CEB8-8B4A-11D0-8D11-00A0C91BC942}") = "OcsSystray", "OcsSystray\OcsSystray.vcproj", "{6996497F-BF0D-40B5-8312-7504FB2CD818}"
	ProjectSection(ProjectDependencies) = postProject
		{8CD66811-C9A5-4C76-9938-1E046C2DFBAF} = {8CD66811-C9A5-4C76-9938-1E046C2DFBAF}
		{04364624-39D4-488D-A538-66CB442A5F0B} = {04364624-39D4-488D-A538-66CB442A5F0B}
	EndProjectSection
EndProject
Project("{8BC9CEB8-8B4A-11D0-8D11-00A0C91BC942}") = "Download", "Download\Download.vcproj", "{B52FAA55-4EFF-4FBD-B656-13445445DD3A}"
	ProjectSection(ProjectDependencies) = postProject
		{8CD66811-C9A5-4C76-9938-1E046C2DFBAF} = {8CD66811-C9A5-4C76-9938-1E046C2DFBAF}
		{04364624-39D4-488D-A538-66CB442A5F0B} = {04364624-39D4-488D-A538-66CB442A5F0B}
	EndProjectSection
EndProject
Project("{8BC9CEB8-8B4A-11D0-8D11-00A0C91BC942}") = "TestSysInfo", "TestSysInfo\TestSysInfo.vcproj", "{DBA26440-AC45-4C37-8C9B-E532B5F5F110}"
	ProjectSection(ProjectDependencies) = postProject
		{8CD66811-C9A5-4C76-9938-1E046C2DFBAF} = {8CD66811-C9A5-4C76-9938-1E046C2DFBAF}
		{08DCFABA-1B27-4850-B5BF-92929CFA75B1} = {08DCFABA-1B27-4850-B5BF-92929CFA75B1}
	EndProjectSection
EndProject
Global
	GlobalSection(SolutionConfigurationPlatforms) = preSolution
		Debug|Win32 = Debug|Win32
		Debug|x64 = Debug|x64
		Release|Win32 = Release|Win32
		Release|x64 = Release|x64
	EndGlobalSection
	GlobalSection(ProjectConfigurationPlatforms) = postSolution
		{BF43603D-08D1-4CBA-9FD3-6EBB7BBDCED9}.Debug|Win32.ActiveCfg = Debug|Win32
		{BF43603D-08D1-4CBA-9FD3-6EBB7BBDCED9}.Debug|Win32.Build.0 = Debug|Win32
		{BF43603D-08D1-4CBA-9FD3-6EBB7BBDCED9}.Debug|x64.ActiveCfg = Debug|x64
		{BF43603D-08D1-4CBA-9FD3-6EBB7BBDCED9}.Debug|x64.Build.0 = Debug|x64
		{BF43603D-08D1-4CBA-9FD3-6EBB7BBDCED9}.Release|Win32.ActiveCfg = Release|Win32
		{BF43603D-08D1-4CBA-9FD3-6EBB7BBDCED9}.Release|Win32.Build.0 = Release|Win32
		{BF43603D-08D1-4CBA-9FD3-6EBB7BBDCED9}.Release|x64.ActiveCfg = Release|x64
		{BF43603D-08D1-4CBA-9FD3-6EBB7BBDCED9}.Release|x64.Build.0 = Release|x64
		{08DCFABA-1B27-4850-B5BF-92929CFA75B1}.Debug|Win32.ActiveCfg = Debug|Win32
		{08DCFABA-1B27-4850-B5BF-92929CFA75B1}.Debug|Win32.Build.0 = Debug|Win32
		{08DCFABA-1B27-4850-B5BF-92929CFA75B1}.Debug|x64.ActiveCfg = Debug|x64
		{08DCFABA-1B27-4850-B5BF-92929CFA75B1}.Debug|x64.Build.0 = Debug|x64
		{08DCFABA-1B27-4850-B5BF-92929CFA75B1}.Release|Win32.ActiveCfg = Release|Win32
		{08DCFABA-1B27-4850-B5BF-92929CFA75B1}.Release|Win32.Build.0 = Release|Win32
		{08DCFABA-1B27-4850-B5BF-92929CFA75B1}.Release|x64.ActiveCfg = Release|x64
		{08DCFABA-1B27-4850-B5BF-92929CFA75B1}.Release|x64.Build.0 = Release|x64
		{8CD66811-C9A5-4C76-9938-1E046C2DFBAF}.Debug|Win32.ActiveCfg = Debug|Win32
		{8CD66811-C9A5-4C76-9938-1E046C2DFBAF}.Debug|Win32.Build.0 = Debug|Win32
		{8CD66811-C9A5-4C76-9938-1E046C2DFBAF}.Debug|x64.ActiveCfg = Debug|x64
		{8CD66811-C9A5-4C76-9938-1E046C2DFBAF}.Debug|x64.Build.0 = Debug|x64
		{8CD66811-C9A5-4C76-9938-1E046C2DFBAF}.Release|Win32.ActiveCfg = Release|Win32
		{8CD66811-C9A5-4C76-9938-1E046C2DFBAF}.Release|Win32.Build.0 = Release|Win32
		{8CD66811-C9A5-4C76-9938-1E046C2DFBAF}.Release|x64.ActiveCfg = Release|x64
		{8CD66811-C9A5-4C76-9938-1E046C2DFBAF}.Release|x64.Build.0 = Release|x64
		{04364624-39D4-488D-A538-66CB442A5F0B}.Debug|Win32.ActiveCfg = Debug|Win32
		{04364624-39D4-488D-A538-66CB442A5F0B}.Debug|Win32.Build.0 = Debug|Win32
		{04364624-39D4-488D-A538-66CB442A5F0B}.Debug|x64.ActiveCfg = Debug|x64
		{04364624-39D4-488D-A538-66CB442A5F0B}.Debug|x64.Build.0 = Debug|x64
		{04364624-39D4-488D-A538-66CB442A5F0B}.Release|Win32.ActiveCfg = Release|Win32
		{04364624-39D4-488D-A538-66CB442A5F0B}.Release|Win32.Build.0 = Release|Win32
		{04364624-39D4-488D-A538-66CB442A5F0B}.Release|x64.ActiveCfg = Release|x64
		{04364624-39D4-488D-A538-66CB442A5F0B}.Release|x64.Build.0 = Release|x64
		{5422560E-7CE8-43FB-816C-8A2C48F4F491}.Debug|Win32.ActiveCfg = Debug|Win32
		{5422560E-7CE8-43FB-816C-8A2C48F4F491}.Debug|Win32.Build.0 = Debug|Win32
		{5422560E-7CE8-43FB-816C-8A2C48F4F491}.Debug|x64.ActiveCfg = Debug|x64
		{5422560E-7CE8-43FB-816C-8A2C48F4F491}.Debug|x64.Build.0 = Debug|x64
		{5422560E-7CE8-43FB-816C-8A2C48F4F491}.Release|Win32.ActiveCfg = Release|Win32
		{5422560E-7CE8-43FB-816C-8A2C48F4F491}.Release|Win32.Build.0 = Release|Win32
		{5422560E-7CE8-43FB-816C-8A2C48F4F491}.Release|x64.ActiveCfg = Release|x64
		{5422560E-7CE8-43FB-816C-8A2C48F4F491}.Release|x64.Build.0 = Release|x64
		{5FB86B75-1840-4862-B9A8-137021D26475}.Debug|Win32.ActiveCfg = Debug|Win32
		{5FB86B75-1840-4862-B9A8-137021D26475}.Debug|Win32.Build.0 = Debug|Win32
		{5FB86B75-1840-4862-B9A8-137021D26475}.Debug|x64.ActiveCfg = Debug|x64
		{5FB86B75-1840-4862-B9A8-137021D26475}.Debug|x64.Build.0 = Debug|x64
		{5FB86B75-1840-4862-B9A8-137021D26475}.Release|Win32.ActiveCfg = Release|Win32
		{5FB86B75-1840-4862-B9A8-137021D26475}.Release|Win32.Build.0 = Release|Win32
		{5FB86B75-1840-4862-B9A8-137021D26475}.Release|x64.ActiveCfg = Release|x64
		{5FB86B75-1840-4862-B9A8-137021D26475}.Release|x64.Build.0 = Release|x64
		{6996497F-BF0D-40B5-8312-7504FB2CD818}.Debug|Win32.ActiveCfg = Debug|Win32
		{6996497F-BF0D-40B5-8312-7504FB2CD818}.Debug|Win32.Build.0 = Debug|Win32
		{6996497F-BF0D-40B5-8312-7504FB2CD818}.Debug|x64.ActiveCfg = Debug|x64
		{6996497F-BF0D-40B5-8312-7504FB2CD818}.Debug|x64.Build.0 = Debug|x64
		{6996497F-BF0D-40B5-8312-7504FB2CD818}.Release|Win32.ActiveCfg = Release|Win32
		{6996497F-BF0D-40B5-8312-7504FB2CD818}.Release|Win32.Build.0 = Release|Win32
		{6996497F-BF0D-40B5-8312-7504FB2CD818}.Release|x64.ActiveCfg = Release|x64
		{6996497F-BF0D-40B5-8312-7504FB2CD818}.Release|x64.Build.0 = Release|x64
		{B52FAA55-4EFF-4FBD-B656-13445445DD3A}.Debug|Win32.ActiveCfg = Debug|Win32
		{B52FAA55-4EFF-4FBD-B656-13445445DD3A}.Debug|Win32.Build.0 = Debug|Win32
		{B52FAA55-4EFF-4FBD-B656-13445445DD3A}.Debug|x64.ActiveCfg = Debug|x64
		{B52FAA55-4EFF-4FBD-B656-13445445DD3A}.Debug|x64.Build.0 = Debug|x64
		{B52FAA55-4EFF-4FBD-B656-13445445DD3A}.Release|Win32.ActiveCfg = Release|Win32
		{B52FAA55-4EFF-4FBD-B656-13445445DD3A}.Release|Win32.Build.0 = Release|Win32
		{B52FAA55-4EFF-4FBD-B656-13445445DD3A}.Release|x64.ActiveCfg = Release|x64
		{B52FAA55-4EFF-4FBD-B656-13445445DD3A}.Release|x64.Build.0 = Release|x64
		{DBA26440-AC45-4C37-8C9B-E532B5F5F110}.Debug|Win32.ActiveCfg = Debug|Win32
		{DBA26440-AC45-4C37-8C9B-E532B5F5F110}.Debug|Win32.Build.0 = Debug|Win32
		{DBA26440-AC45-4C37-8C9B-E532B5F5F110}.Debug|x64.ActiveCfg = Debug|x64
		{DBA26440-AC45-4C37-8C9B-E532B5F5F110}.Debug|x64.Build.0 = Debug|x64
		{DBA26440-AC45-4C37-8C9B-E532B5F5F110}.Release|Win32.ActiveCfg = Release|Win32
		{DBA26440-AC45-4C37-8C9B-E532B5F5F110}.Release|Win32.Build.0 = Release|Win32
		{DBA26440-AC45-4C37-8C9B-E532B5F5F110}.Release|x64.ActiveCfg = Release|x64
		{DBA26440-AC45-4C37-8C9B-E532B5F5F110}.Release|x64.Build.0 = Release|x64
	EndGlobalSection
	GlobalSection(SolutionProperties) = preSolution
		HideSolutionNode = FALSE
	EndGlobalSection
EndGlobal
