Microsoft Visual Studio Solution File, Format Version 12.00
# Visual Studio 2013
VisualStudioVersion = 12.0.40629.0
MinimumVisualStudioVersion = 10.0.40219.1
Project("{2150E333-8FDC-42A3-9474-1A3956D46DE8}") = "Solution Items", "Solution Items", "{E1B7D168-2FA9-48CC-9AE0-E124F423D885}"
	ProjectSection(SolutionItems) = preProject
		snmp.vsd = snmp.vsd
	EndProjectSection
EndProject
Project("{8BC9CEB8-8B4A-11D0-8D11-00A0C91BC942}") = "snmp", "snmp.vcxproj", "{4DD39232-A819-4A48-A695-E14F66667183}"
EndProject
Global
	GlobalSection(SolutionConfigurationPlatforms) = preSolution
		Debug|Win32 = Debug|Win32
		Release|Win32 = Release|Win32
	EndGlobalSection
	GlobalSection(ProjectConfigurationPlatforms) = postSolution
		{4DD39232-A819-4A48-A695-E14F66667183}.Debug|Win32.ActiveCfg = Debug|Win32
		{4DD39232-A819-4A48-A695-E14F66667183}.Debug|Win32.Build.0 = Debug|Win32
		{4DD39232-A819-4A48-A695-E14F66667183}.Release|Win32.ActiveCfg = Release|Win32
		{4DD39232-A819-4A48-A695-E14F66667183}.Release|Win32.Build.0 = Release|Win32
	EndGlobalSection
	GlobalSection(SolutionProperties) = preSolution
		HideSolutionNode = FALSE
	EndGlobalSection
EndGlobal
